
Microsoft Visual Studio Solution File, Format Version 12.00
# Visual Studio Version 16
VisualStudioVersion = 16.0.30413.136
MinimumVisualStudioVersion = 10.0.40219.1
Project("{9A19103F-16F7-4668-BE54-9A1E7A4F7556}") = "SceneGraph", "SceneGraph\SceneGraph.csproj", "{B1FA3D65-D59D-48F2-89C4-6C84BA2B949F}"
EndProject
Project("{FAE04EC0-301F-11D3-BF4B-00C04F79EFBC}") = "CreateScene", "CreateScene\CreateScene.csproj", "{8C16A3AC-E209-4C07-989F-A758A39CDF40}"
EndProject
Project("{FAE04EC0-301F-11D3-BF4B-00C04F79EFBC}") = "ReadScene", "ReadScene\ReadScene.csproj", "{8AACB14F-B720-47A1-9894-30E046961DD0}"
EndProject
Global
	GlobalSection(SolutionConfigurationPlatforms) = preSolution
		Debug|Any CPU = Debug|Any CPU
		Release|Any CPU = Release|Any CPU
	EndGlobalSection
	GlobalSection(ProjectConfigurationPlatforms) = postSolution
		{B1FA3D65-D59D-48F2-89C4-6C84BA2B949F}.Debug|Any CPU.ActiveCfg = Debug|Any CPU
		{B1FA3D65-D59D-48F2-89C4-6C84BA2B949F}.Debug|Any CPU.Build.0 = Debug|Any CPU
		{B1FA3D65-D59D-48F2-89C4-6C84BA2B949F}.Release|Any CPU.ActiveCfg = Release|Any CPU
		{B1FA3D65-D59D-48F2-89C4-6C84BA2B949F}.Release|Any CPU.Build.0 = Release|Any CPU
		{8C16A3AC-E209-4C07-989F-A758A39CDF40}.Debug|Any CPU.ActiveCfg = Debug|Any CPU
		{8C16A3AC-E209-4C07-989F-A758A39CDF40}.Debug|Any CPU.Build.0 = Debug|Any CPU
		{8C16A3AC-E209-4C07-989F-A758A39CDF40}.Release|Any CPU.ActiveCfg = Release|Any CPU
		{8C16A3AC-E209-4C07-989F-A758A39CDF40}.Release|Any CPU.Build.0 = Release|Any CPU
		{8AACB14F-B720-47A1-9894-30E046961DD0}.Debug|Any CPU.ActiveCfg = Debug|Any CPU
		{8AACB14F-B720-47A1-9894-30E046961DD0}.Debug|Any CPU.Build.0 = Debug|Any CPU
		{8AACB14F-B720-47A1-9894-30E046961DD0}.Release|Any CPU.ActiveCfg = Release|Any CPU
		{8AACB14F-B720-47A1-9894-30E046961DD0}.Release|Any CPU.Build.0 = Release|Any CPU
	EndGlobalSection
	GlobalSection(SolutionProperties) = preSolution
		HideSolutionNode = FALSE
	EndGlobalSection
	GlobalSection(ExtensibilityGlobals) = postSolution
		SolutionGuid = {D451E8DA-A306-479E-B422-3FA546B61479}
	EndGlobalSection
EndGlobal
